
Microsoft Visual Studio Solution File, Format Version 12.00
# Visual Studio Version 17
VisualStudioVersion = 17.11.35208.52
MinimumVisualStudioVersion = 10.0.40219.1
Project("{FAE04EC0-301F-11D3-BF4B-00C04F79EFBC}") = "MSwebBurger2", "MSwebBurger2.csproj", "{598CF77D-4AE6-4224-A5DF-2217666839F9}"
EndProject
Global
	GlobalSection(SolutionConfigurationPlatforms) = preSolution
		Debug|Any CPU = Debug|Any CPU
		Release|Any CPU = Release|Any CPU
	EndGlobalSection
	GlobalSection(ProjectConfigurationPlatforms) = postSolution
		{598CF77D-4AE6-4224-A5DF-2217666839F9}.Debug|Any CPU.ActiveCfg = Debug|Any CPU
		{598CF77D-4AE6-4224-A5DF-2217666839F9}.Debug|Any CPU.Build.0 = Debug|Any CPU
		{598CF77D-4AE6-4224-A5DF-2217666839F9}.Release|Any CPU.ActiveCfg = Release|Any CPU
		{598CF77D-4AE6-4224-A5DF-2217666839F9}.Release|Any CPU.Build.0 = Release|Any CPU
	EndGlobalSection
	GlobalSection(SolutionProperties) = preSolution
		HideSolutionNode = FALSE
	EndGlobalSection
	GlobalSection(ExtensibilityGlobals) = postSolution
		SolutionGuid = {5F8023CF-C173-48BD-9A44-44C7E5D5FB6C}
	EndGlobalSection
EndGlobal
